
Microsoft Visual Studio Solution File, Format Version 12.00
# Visual Studio Version 17
VisualStudioVersion = 17.9.34701.34
MinimumVisualStudioVersion = 10.0.40219.1
Project("{8BC9CEB8-8B4A-11D0-8D11-00A0C91BC942}") = "LabOOP13.2", "LabOOP13.2\LabOOP13.2.vcxproj", "{AEFDB944-8DB0-4382-88CA-184B446D9438}"
EndProject
Global
	GlobalSection(SolutionConfigurationPlatforms) = preSolution
		Debug|x64 = Debug|x64
		Debug|x86 = Debug|x86
		Release|x64 = Release|x64
		Release|x86 = Release|x86
	EndGlobalSection
	GlobalSection(ProjectConfigurationPlatforms) = postSolution
		{AEFDB944-8DB0-4382-88CA-184B446D9438}.Debug|x64.ActiveCfg = Debug|x64
		{AEFDB944-8DB0-4382-88CA-184B446D9438}.Debug|x64.Build.0 = Debug|x64
		{AEFDB944-8DB0-4382-88CA-184B446D9438}.Debug|x86.ActiveCfg = Debug|Win32
		{AEFDB944-8DB0-4382-88CA-184B446D9438}.Debug|x86.Build.0 = Debug|Win32
		{AEFDB944-8DB0-4382-88CA-184B446D9438}.Release|x64.ActiveCfg = Release|x64
		{AEFDB944-8DB0-4382-88CA-184B446D9438}.Release|x64.Build.0 = Release|x64
		{AEFDB944-8DB0-4382-88CA-184B446D9438}.Release|x86.ActiveCfg = Release|Win32
		{AEFDB944-8DB0-4382-88CA-184B446D9438}.Release|x86.Build.0 = Release|Win32
	EndGlobalSection
	GlobalSection(SolutionProperties) = preSolution
		HideSolutionNode = FALSE
	EndGlobalSection
	GlobalSection(ExtensibilityGlobals) = postSolution
		SolutionGuid = {80CE1A89-DA76-4857-A25C-50B428CCD717}
	EndGlobalSection
EndGlobal
